
Microsoft Visual Studio Solution File, Format Version 12.00
# Visual Studio Version 16
VisualStudioVersion = 16.0.31205.134
MinimumVisualStudioVersion = 10.0.40219.1
Project("{FAE04EC0-301F-11D3-BF4B-00C04F79EFBC}") = "LessCS", "LessCS\LessCS.csproj", "{FD1942A1-0144-4B71-8DDC-0F25BD040575}"
EndProject
Global
	GlobalSection(SolutionConfigurationPlatforms) = preSolution
		Debug|Any CPU = Debug|Any CPU
		Release|Any CPU = Release|Any CPU
	EndGlobalSection
	GlobalSection(ProjectConfigurationPlatforms) = postSolution
		{FD1942A1-0144-4B71-8DDC-0F25BD040575}.Debug|Any CPU.ActiveCfg = Debug|Any CPU
		{FD1942A1-0144-4B71-8DDC-0F25BD040575}.Debug|Any CPU.Build.0 = Debug|Any CPU
		{FD1942A1-0144-4B71-8DDC-0F25BD040575}.Release|Any CPU.ActiveCfg = Release|Any CPU
		{FD1942A1-0144-4B71-8DDC-0F25BD040575}.Release|Any CPU.Build.0 = Release|Any CPU
	EndGlobalSection
	GlobalSection(SolutionProperties) = preSolution
		HideSolutionNode = FALSE
	EndGlobalSection
	GlobalSection(ExtensibilityGlobals) = postSolution
		SolutionGuid = {DC489B55-7DDD-4A39-BD2B-C5364AF0A1C0}
	EndGlobalSection
EndGlobal
